// !$*UTF8*$!
{
	archiveVersion = 1;
	classes = {
	};
	objectVersion = 55;
	objects = {

/* Begin PBXBuildFile section */
		5235876028ADE65B004E11B9 /* Tests_iOS.swift in Sources */ = {isa = PBXBuildFile; fileRef = 5235875F28ADE65B004E11B9 /* Tests_iOS.swift */; };
		5235876228ADE65B004E11B9 /* Tests_iOSLaunchTests.swift in Sources */ = {isa = PBXBuildFile; fileRef = 5235876128ADE65B004E11B9 /* Tests_iOSLaunchTests.swift */; };
		5235876C28ADE65B004E11B9 /* Tests_macOS.swift in Sources */ = {isa = PBXBuildFile; fileRef = 5235876B28ADE65B004E11B9 /* Tests_macOS.swift */; };
		5235876E28ADE65B004E11B9 /* Tests_macOSLaunchTests.swift in Sources */ = {isa = PBXBuildFile; fileRef = 5235876D28ADE65B004E11B9 /* Tests_macOSLaunchTests.swift */; };
		5235876F28ADE65B004E11B9 /* kashi_kashiApp.swift in Sources */ = {isa = PBXBuildFile; fileRef = 5235874728ADE658004E11B9 /* kashi_kashiApp.swift */; };
		5235877028ADE65B004E11B9 /* kashi_kashiApp.swift in Sources */ = {isa = PBXBuildFile; fileRef = 5235874728ADE658004E11B9 /* kashi_kashiApp.swift */; };
		5235877128ADE65B004E11B9 /* ContentView.swift in Sources */ = {isa = PBXBuildFile; fileRef = 5235874828ADE658004E11B9 /* ContentView.swift */; };
		5235877228ADE65B004E11B9 /* ContentView.swift in Sources */ = {isa = PBXBuildFile; fileRef = 5235874828ADE658004E11B9 /* ContentView.swift */; };
		5235877328ADE65B004E11B9 /* Assets.xcassets in Resources */ = {isa = PBXBuildFile; fileRef = 5235874928ADE65B004E11B9 /* Assets.xcassets */; };
		5235877428ADE65B004E11B9 /* Assets.xcassets in Resources */ = {isa = PBXBuildFile; fileRef = 5235874928ADE65B004E11B9 /* Assets.xcassets */; };
/* End PBXBuildFile section */

/* Begin PBXContainerItemProxy section */
		5235875C28ADE65B004E11B9 /* PBXContainerItemProxy */ = {
			isa = PBXContainerItemProxy;
			containerPortal = 5235874228ADE657004E11B9 /* Project object */;
			proxyType = 1;
			remoteGlobalIDString = 5235874D28ADE65B004E11B9;
			remoteInfo = "kashi_kashi (iOS)";
		};
		5235876828ADE65B004E11B9 /* PBXContainerItemProxy */ = {
			isa = PBXContainerItemProxy;
			containerPortal = 5235874228ADE657004E11B9 /* Project object */;
			proxyType = 1;
			remoteGlobalIDString = 5235875328ADE65B004E11B9;
			remoteInfo = "kashi_kashi (macOS)";
		};
/* End PBXContainerItemProxy section */

/* Begin PBXFileReference section */
		5235874728ADE658004E11B9 /* kashi_kashiApp.swift */ = {isa = PBXFileReference; lastKnownFileType = sourcecode.swift; path = kashi_kashiApp.swift; sourceTree = "<group>"; };
		5235874828ADE658004E11B9 /* ContentView.swift */ = {isa = PBXFileReference; lastKnownFileType = sourcecode.swift; path = ContentView.swift; sourceTree = "<group>"; };
		5235874928ADE65B004E11B9 /* Assets.xcassets */ = {isa = PBXFileReference; lastKnownFileType = folder.assetcatalog; path = Assets.xcassets; sourceTree = "<group>"; };
		5235874E28ADE65B004E11B9 /* kashi_kashi.app */ = {isa = PBXFileReference; explicitFileType = wrapper.application; includeInIndex = 0; path = kashi_kashi.app; sourceTree = BUILT_PRODUCTS_DIR; };
		5235875428ADE65B004E11B9 /* kashi_kashi.app */ = {isa = PBXFileReference; explicitFileType = wrapper.application; includeInIndex = 0; path = kashi_kashi.app; sourceTree = BUILT_PRODUCTS_DIR; };
		5235875628ADE65B004E11B9 /* macOS.entitlements */ = {isa = PBXFileReference; lastKnownFileType = text.plist.entitlements; path = macOS.entitlements; sourceTree = "<group>"; };
		5235875B28ADE65B004E11B9 /* Tests iOS.xctest */ = {isa = PBXFileReference; explicitFileType = wrapper.cfbundle; includeInIndex = 0; path = "Tests iOS.xctest"; sourceTree = BUILT_PRODUCTS_DIR; };
		5235875F28ADE65B004E11B9 /* Tests_iOS.swift */ = {isa = PBXFileReference; lastKnownFileType = sourcecode.swift; path = Tests_iOS.swift; sourceTree = "<group>"; };
		5235876128ADE65B004E11B9 /* Tests_iOSLaunchTests.swift */ = {isa = PBXFileReference; lastKnownFileType = sourcecode.swift; path = Tests_iOSLaunchTests.swift; sourceTree = "<group>"; };
		5235876728ADE65B004E11B9 /* Tests macOS.xctest */ = {isa = PBXFileReference; explicitFileType = wrapper.cfbundle; includeInIndex = 0; path = "Tests macOS.xctest"; sourceTree = BUILT_PRODUCTS_DIR; };
		5235876B28ADE65B004E11B9 /* Tests_macOS.swift */ = {isa = PBXFileReference; lastKnownFileType = sourcecode.swift; path = Tests_macOS.swift; sourceTree = "<group>"; };
		5235876D28ADE65B004E11B9 /* Tests_macOSLaunchTests.swift */ = {isa = PBXFileReference; lastKnownFileType = sourcecode.swift; path = Tests_macOSLaunchTests.swift; sourceTree = "<group>"; };
/* End PBXFileReference section */

/* Begin PBXFrameworksBuildPhase section */
		5235874B28ADE65B004E11B9 /* Frameworks */ = {
			isa = PBXFrameworksBuildPhase;
			buildActionMask = 2147483647;
			files = (
			);
			runOnlyForDeploymentPostprocessing = 0;
		};
		5235875128ADE65B004E11B9 /* Frameworks */ = {
			isa = PBXFrameworksBuildPhase;
			buildActionMask = 2147483647;
			files = (
			);
			runOnlyForDeploymentPostprocessing = 0;
		};
		5235875828ADE65B004E11B9 /* Frameworks */ = {
			isa = PBXFrameworksBuildPhase;
			buildActionMask = 2147483647;
			files = (
			);
			runOnlyForDeploymentPostprocessing = 0;
		};
		5235876428ADE65B004E11B9 /* Frameworks */ = {
			isa = PBXFrameworksBuildPhase;
			buildActionMask = 2147483647;
			files = (
			);
			runOnlyForDeploymentPostprocessing = 0;
		};
/* End PBXFrameworksBuildPhase section */

/* Begin PBXGroup section */
		5235874128ADE657004E11B9 = {
			isa = PBXGroup;
			children = (
				5235874628ADE658004E11B9 /* Shared */,
				5235875528ADE65B004E11B9 /* macOS */,
				5235875E28ADE65B004E11B9 /* Tests iOS */,
				5235876A28ADE65B004E11B9 /* Tests macOS */,
				5235874F28ADE65B004E11B9 /* Products */,
			);
			sourceTree = "<group>";
		};
		5235874628ADE658004E11B9 /* Shared */ = {
			isa = PBXGroup;
			children = (
				5235874728ADE658004E11B9 /* kashi_kashiApp.swift */,
				5235874828ADE658004E11B9 /* ContentView.swift */,
				5235874928ADE65B004E11B9 /* Assets.xcassets */,
			);
			path = Shared;
			sourceTree = "<group>";
		};
		5235874F28ADE65B004E11B9 /* Products */ = {
			isa = PBXGroup;
			children = (
				5235874E28ADE65B004E11B9 /* kashi_kashi.app */,
				5235875428ADE65B004E11B9 /* kashi_kashi.app */,
				5235875B28ADE65B004E11B9 /* Tests iOS.xctest */,
				5235876728ADE65B004E11B9 /* Tests macOS.xctest */,
			);
			name = Products;
			sourceTree = "<group>";
		};
		5235875528ADE65B004E11B9 /* macOS */ = {
			isa = PBXGroup;
			children = (
				5235875628ADE65B004E11B9 /* macOS.entitlements */,
			);
			path = macOS;
			sourceTree = "<group>";
		};
		5235875E28ADE65B004E11B9 /* Tests iOS */ = {
			isa = PBXGroup;
			children = (
				5235875F28ADE65B004E11B9 /* Tests_iOS.swift */,
				5235876128ADE65B004E11B9 /* Tests_iOSLaunchTests.swift */,
			);
			path = "Tests iOS";
			sourceTree = "<group>";
		};
		5235876A28ADE65B004E11B9 /* Tests macOS */ = {
			isa = PBXGroup;
			children = (
				5235876B28ADE65B004E11B9 /* Tests_macOS.swift */,
				5235876D28ADE65B004E11B9 /* Tests_macOSLaunchTests.swift */,
			);
			path = "Tests macOS";
			sourceTree = "<group>";
		};
/* End PBXGroup section */

/* Begin PBXNativeTarget section */
		5235874D28ADE65B004E11B9 /* kashi_kashi (iOS) */ = {
			isa = PBXNativeTarget;
			buildConfigurationList = 5235877728ADE65B004E11B9 /* Build configuration list for PBXNativeTarget "kashi_kashi (iOS)" */;
			buildPhases = (
				5235874A28ADE65B004E11B9 /* Sources */,
				5235874B28ADE65B004E11B9 /* Frameworks */,
				5235874C28ADE65B004E11B9 /* Resources */,
			);
			buildRules = (
			);
			dependencies = (
			);
			name = "kashi_kashi (iOS)";
			productName = "kashi_kashi (iOS)";
			productReference = 5235874E28ADE65B004E11B9 /* kashi_kashi.app */;
			productType = "com.apple.product-type.application";
		};
		5235875328ADE65B004E11B9 /* kashi_kashi (macOS) */ = {
			isa = PBXNativeTarget;
			buildConfigurationList = 5235877A28ADE65B004E11B9 /* Build configuration list for PBXNativeTarget "kashi_kashi (macOS)" */;
			buildPhases = (
				5235875028ADE65B004E11B9 /* Sources */,
				5235875128ADE65B004E11B9 /* Frameworks */,
				5235875228ADE65B004E11B9 /* Resources */,
			);
			buildRules = (
			);
			dependencies = (
			);
			name = "kashi_kashi (macOS)";
			productName = "kashi_kashi (macOS)";
			productReference = 5235875428ADE65B004E11B9 /* kashi_kashi.app */;
			productType = "com.apple.product-type.application";
		};
		5235875A28ADE65B004E11B9 /* Tests iOS */ = {
			isa = PBXNativeTarget;
			buildConfigurationList = 5235877D28ADE65B004E11B9 /* Build configuration list for PBXNativeTarget "Tests iOS" */;
			buildPhases = (
				5235875728ADE65B004E11B9 /* Sources */,
				5235875828ADE65B004E11B9 /* Frameworks */,
				5235875928ADE65B004E11B9 /* Resources */,
			);
			buildRules = (
			);
			dependencies = (
				5235875D28ADE65B004E11B9 /* PBXTargetDependency */,
			);
			name = "Tests iOS";
			productName = "Tests iOS";
			productReference = 5235875B28ADE65B004E11B9 /* Tests iOS.xctest */;
			productType = "com.apple.product-type.bundle.ui-testing";
		};
		5235876628ADE65B004E11B9 /* Tests macOS */ = {
			isa = PBXNativeTarget;
			buildConfigurationList = 5235878028ADE65B004E11B9 /* Build configuration list for PBXNativeTarget "Tests macOS" */;
			buildPhases = (
				5235876328ADE65B004E11B9 /* Sources */,
				5235876428ADE65B004E11B9 /* Frameworks */,
				5235876528ADE65B004E11B9 /* Resources */,
			);
			buildRules = (
			);
			dependencies = (
				5235876928ADE65B004E11B9 /* PBXTargetDependency */,
			);
			name = "Tests macOS";
			productName = "Tests macOS";
			productReference = 5235876728ADE65B004E11B9 /* Tests macOS.xctest */;
			productType = "com.apple.product-type.bundle.ui-testing";
		};
/* End PBXNativeTarget section */

/* Begin PBXProject section */
		5235874228ADE657004E11B9 /* Project object */ = {
			isa = PBXProject;
			attributes = {
				BuildIndependentTargetsInParallel = 1;
				LastSwiftUpdateCheck = 1340;
				LastUpgradeCheck = 1340;
				TargetAttributes = {
					5235874D28ADE65B004E11B9 = {
						CreatedOnToolsVersion = 13.4.1;
					};
					5235875328ADE65B004E11B9 = {
						CreatedOnToolsVersion = 13.4.1;
					};
					5235875A28ADE65B004E11B9 = {
						CreatedOnToolsVersion = 13.4.1;
						TestTargetID = 5235874D28ADE65B004E11B9;
					};
					5235876628ADE65B004E11B9 = {
						CreatedOnToolsVersion = 13.4.1;
						TestTargetID = 5235875328ADE65B004E11B9;
					};
				};
			};
			buildConfigurationList = 5235874528ADE657004E11B9 /* Build configuration list for PBXProject "kashi_kashi" */;
			compatibilityVersion = "Xcode 13.0";
			developmentRegion = en;
			hasScannedForEncodings = 0;
			knownRegions = (
				en,
				Base,
			);
			mainGroup = 5235874128ADE657004E11B9;
			productRefGroup = 5235874F28ADE65B004E11B9 /* Products */;
			projectDirPath = "";
			projectRoot = "";
			targets = (
				5235874D28ADE65B004E11B9 /* kashi_kashi (iOS) */,
				5235875328ADE65B004E11B9 /* kashi_kashi (macOS) */,
				5235875A28ADE65B004E11B9 /* Tests iOS */,
				5235876628ADE65B004E11B9 /* Tests macOS */,
			);
		};
/* End PBXProject section */

/* Begin PBXResourcesBuildPhase section */
		5235874C28ADE65B004E11B9 /* Resources */ = {
			isa = PBXResourcesBuildPhase;
			buildActionMask = 2147483647;
			files = (
				5235877328ADE65B004E11B9 /* Assets.xcassets in Resources */,
			);
			runOnlyForDeploymentPostprocessing = 0;
		};
		5235875228ADE65B004E11B9 /* Resources */ = {
			isa = PBXResourcesBuildPhase;
			buildActionMask = 2147483647;
			files = (
				5235877428ADE65B004E11B9 /* Assets.xcassets in Resources */,
			);
			runOnlyForDeploymentPostprocessing = 0;
		};
		5235875928ADE65B004E11B9 /* Resources */ = {
			isa = PBXResourcesBuildPhase;
			buildActionMask = 2147483647;
			files = (
			);
			runOnlyForDeploymentPostprocessing = 0;
		};
		5235876528ADE65B004E11B9 /* Resources */ = {
			isa = PBXResourcesBuildPhase;
			buildActionMask = 2147483647;
			files = (
			);
			runOnlyForDeploymentPostprocessing = 0;
		};
/* End PBXResourcesBuildPhase section */

/* Begin PBXSourcesBuildPhase section */
		5235874A28ADE65B004E11B9 /* Sources */ = {
			isa = PBXSourcesBuildPhase;
			buildActionMask = 2147483647;
			files = (
				5235877128ADE65B004E11B9 /* ContentView.swift in Sources */,
				5235876F28ADE65B004E11B9 /* kashi_kashiApp.swift in Sources */,
			);
			runOnlyForDeploymentPostprocessing = 0;
		};
		5235875028ADE65B004E11B9 /* Sources */ = {
			isa = PBXSourcesBuildPhase;
			buildActionMask = 2147483647;
			files = (
				5235877228ADE65B004E11B9 /* ContentView.swift in Sources */,
				5235877028ADE65B004E11B9 /* kashi_kashiApp.swift in Sources */,
			);
			runOnlyForDeploymentPostprocessing = 0;
		};
		5235875728ADE65B004E11B9 /* Sources */ = {
			isa = PBXSourcesBuildPhase;
			buildActionMask = 2147483647;
			files = (
				5235876228ADE65B004E11B9 /* Tests_iOSLaunchTests.swift in Sources */,
				5235876028ADE65B004E11B9 /* Tests_iOS.swift in Sources */,
			);
			runOnlyForDeploymentPostprocessing = 0;
		};
		5235876328ADE65B004E11B9 /* Sources */ = {
			isa = PBXSourcesBuildPhase;
			buildActionMask = 2147483647;
			files = (
				5235876E28ADE65B004E11B9 /* Tests_macOSLaunchTests.swift in Sources */,
				5235876C28ADE65B004E11B9 /* Tests_macOS.swift in Sources */,
			);
			runOnlyForDeploymentPostprocessing = 0;
		};
/* End PBXSourcesBuildPhase section */

/* Begin PBXTargetDependency section */
		5235875D28ADE65B004E11B9 /* PBXTargetDependency */ = {
			isa = PBXTargetDependency;
			target = 5235874D28ADE65B004E11B9 /* kashi_kashi (iOS) */;
			targetProxy = 5235875C28ADE65B004E11B9 /* PBXContainerItemProxy */;
		};
		5235876928ADE65B004E11B9 /* PBXTargetDependency */ = {
			isa = PBXTargetDependency;
			target = 5235875328ADE65B004E11B9 /* kashi_kashi (macOS) */;
			targetProxy = 5235876828ADE65B004E11B9 /* PBXContainerItemProxy */;
		};
/* End PBXTargetDependency section */

/* Begin XCBuildConfiguration section */
		5235877528ADE65B004E11B9 /* Debug */ = {
			isa = XCBuildConfiguration;
			buildSettings = {
				ALWAYS_SEARCH_USER_PATHS = NO;
				CLANG_ANALYZER_NONNULL = YES;
				CLANG_ANALYZER_NUMBER_OBJECT_CONVERSION = YES_AGGRESSIVE;
				CLANG_CXX_LANGUAGE_STANDARD = "gnu++17";
				CLANG_ENABLE_MODULES = YES;
				CLANG_ENABLE_OBJC_ARC = YES;
				CLANG_ENABLE_OBJC_WEAK = YES;
				CLANG_WARN_BLOCK_CAPTURE_AUTORELEASING = YES;
				CLANG_WARN_BOOL_CONVERSION = YES;
				CLANG_WARN_COMMA = YES;
				CLANG_WARN_CONSTANT_CONVERSION = YES;
				CLANG_WARN_DEPRECATED_OBJC_IMPLEMENTATIONS = YES;
				CLANG_WARN_DIRECT_OBJC_ISA_USAGE = YES_ERROR;
				CLANG_WARN_DOCUMENTATION_COMMENTS = YES;
				CLANG_WARN_EMPTY_BODY = YES;
				CLANG_WARN_ENUM_CONVERSION = YES;
				CLANG_WARN_INFINITE_RECURSION = YES;
				CLANG_WARN_INT_CONVERSION = YES;
				CLANG_WARN_NON_LITERAL_NULL_CONVERSION = YES;
				CLANG_WARN_OBJC_IMPLICIT_RETAIN_SELF = YES;
				CLANG_WARN_OBJC_LITERAL_CONVERSION = YES;
				CLANG_WARN_OBJC_ROOT_CLASS = YES_ERROR;
				CLANG_WARN_QUOTED_INCLUDE_IN_FRAMEWORK_HEADER = YES;
				CLANG_WARN_RANGE_LOOP_ANALYSIS = YES;
				CLANG_WARN_STRICT_PROTOTYPES = YES;
				CLANG_WARN_SUSPICIOUS_MOVE = YES;
				CLANG_WARN_UNGUARDED_AVAILABILITY = YES_AGGRESSIVE;
				CLANG_WARN_UNREACHABLE_CODE = YES;
				CLANG_WARN__DUPLICATE_METHOD_MATCH = YES;
				COPY_PHASE_STRIP = NO;
				DEBUG_INFORMATION_FORMAT = dwarf;
				ENABLE_STRICT_OBJC_MSGSEND = YES;
				ENABLE_TESTABILITY = YES;
				GCC_C_LANGUAGE_STANDARD = gnu11;
				GCC_DYNAMIC_NO_PIC = NO;
				GCC_NO_COMMON_BLOCKS = YES;
				GCC_OPTIMIZATION_LEVEL = 0;
				GCC_PREPROCESSOR_DEFINITIONS = (
					"DEBUG=1",
					"$(inherited)",
				);
				GCC_WARN_64_TO_32_BIT_CONVERSION = YES;
				GCC_WARN_ABOUT_RETURN_TYPE = YES_ERROR;
				GCC_WARN_UNDECLARED_SELECTOR = YES;
				GCC_WARN_UNINITIALIZED_AUTOS = YES_AGGRESSIVE;
				GCC_WARN_UNUSED_FUNCTION = YES;
				GCC_WARN_UNUSED_VARIABLE = YES;
				MTL_ENABLE_DEBUG_INFO = INCLUDE_SOURCE;
				MTL_FAST_MATH = YES;
				ONLY_ACTIVE_ARCH = YES;
				SWIFT_ACTIVE_COMPILATION_CONDITIONS = DEBUG;
				SWIFT_OPTIMIZATION_LEVEL = "-Onone";
			};
			name = Debug;
		};
		5235877628ADE65B004E11B9 /* Release */ = {
			isa = XCBuildConfiguration;
			buildSettings = {
				ALWAYS_SEARCH_USER_PATHS = NO;
				CLANG_ANALYZER_NONNULL = YES;
				CLANG_ANALYZER_NUMBER_OBJECT_CONVERSION = YES_AGGRESSIVE;
				CLANG_CXX_LANGUAGE_STANDARD = "gnu++17";
				CLANG_ENABLE_MODULES = YES;
				CLANG_ENABLE_OBJC_ARC = YES;
				CLANG_ENABLE_OBJC_WEAK = YES;
				CLANG_WARN_BLOCK_CAPTURE_AUTORELEASING = YES;
				CLANG_WARN_BOOL_CONVERSION = YES;
				CLANG_WARN_COMMA = YES;
				CLANG_WARN_CONSTANT_CONVERSION = YES;
				CLANG_WARN_DEPRECATED_OBJC_IMPLEMENTATIONS = YES;
				CLANG_WARN_DIRECT_OBJC_ISA_USAGE = YES_ERROR;
				CLANG_WARN_DOCUMENTATION_COMMENTS = YES;
				CLANG_WARN_EMPTY_BODY = YES;
				CLANG_WARN_ENUM_CONVERSION = YES;
				CLANG_WARN_INFINITE_RECURSION = YES;
				CLANG_WARN_INT_CONVERSION = YES;
				CLANG_WARN_NON_LITERAL_NULL_CONVERSION = YES;
				CLANG_WARN_OBJC_IMPLICIT_RETAIN_SELF = YES;
				CLANG_WARN_OBJC_LITERAL_CONVERSION = YES;
				CLANG_WARN_OBJC_ROOT_CLASS = YES_ERROR;
				CLANG_WARN_QUOTED_INCLUDE_IN_FRAMEWORK_HEADER = YES;
				CLANG_WARN_RANGE_LOOP_ANALYSIS = YES;
				CLANG_WARN_STRICT_PROTOTYPES = YES;
				CLANG_WARN_SUSPICIOUS_MOVE = YES;
				CLANG_WARN_UNGUARDED_AVAILABILITY = YES_AGGRESSIVE;
				CLANG_WARN_UNREACHABLE_CODE = YES;
				CLANG_WARN__DUPLICATE_METHOD_MATCH = YES;
				COPY_PHASE_STRIP = NO;
				DEBUG_INFORMATION_FORMAT = "dwarf-with-dsym";
				ENABLE_NS_ASSERTIONS = NO;
				ENABLE_STRICT_OBJC_MSGSEND = YES;
				GCC_C_LANGUAGE_STANDARD = gnu11;
				GCC_NO_COMMON_BLOCKS = YES;
				GCC_WARN_64_TO_32_BIT_CONVERSION = YES;
				GCC_WARN_ABOUT_RETURN_TYPE = YES_ERROR;
				GCC_WARN_UNDECLARED_SELECTOR = YES;
				GCC_WARN_UNINITIALIZED_AUTOS = YES_AGGRESSIVE;
				GCC_WARN_UNUSED_FUNCTION = YES;
				GCC_WARN_UNUSED_VARIABLE = YES;
				MTL_ENABLE_DEBUG_INFO = NO;
				MTL_FAST_MATH = YES;
				SWIFT_COMPILATION_MODE = wholemodule;
				SWIFT_OPTIMIZATION_LEVEL = "-O";
			};
			name = Release;
		};
		5235877828ADE65B004E11B9 /* Debug */ = {
			isa = XCBuildConfiguration;
			buildSettings = {
				ASSETCATALOG_COMPILER_APPICON_NAME = AppIcon;
				ASSETCATALOG_COMPILER_GLOBAL_ACCENT_COLOR_NAME = AccentColor;
				CODE_SIGN_STYLE = Automatic;
				CURRENT_PROJECT_VERSION = 1;
				DEVELOPMENT_TEAM = 3F333X99RN;
				ENABLE_PREVIEWS = YES;
				GENERATE_INFOPLIST_FILE = YES;
				INFOPLIST_KEY_UIApplicationSceneManifest_Generation = YES;
				INFOPLIST_KEY_UIApplicationSupportsIndirectInputEvents = YES;
				INFOPLIST_KEY_UILaunchScreen_Generation = YES;
				INFOPLIST_KEY_UISupportedInterfaceOrientations_iPad = "UIInterfaceOrientationPortrait UIInterfaceOrientationPortraitUpsideDown UIInterfaceOrientationLandscapeLeft UIInterfaceOrientationLandscapeRight";
				INFOPLIST_KEY_UISupportedInterfaceOrientations_iPhone = "UIInterfaceOrientationPortrait UIInterfaceOrientationLandscapeLeft UIInterfaceOrientationLandscapeRight";
				IPHONEOS_DEPLOYMENT_TARGET = 15.5;
				LD_RUNPATH_SEARCH_PATHS = (
					"$(inherited)",
					"@executable_path/Frameworks",
				);
				MARKETING_VERSION = 1.0;
				PRODUCT_BUNDLE_IDENTIFIER = "myteam.kashi-kashi";
				PRODUCT_NAME = kashi_kashi;
				SDKROOT = iphoneos;
				SWIFT_EMIT_LOC_STRINGS = YES;
				SWIFT_VERSION = 5.0;
				TARGETED_DEVICE_FAMILY = "1,2";
			};
			name = Debug;
		};
		5235877928ADE65B004E11B9 /* Release */ = {
			isa = XCBuildConfiguration;
			buildSettings = {
				ASSETCATALOG_COMPILER_APPICON_NAME = AppIcon;
				ASSETCATALOG_COMPILER_GLOBAL_ACCENT_COLOR_NAME = AccentColor;
				CODE_SIGN_STYLE = Automatic;
				CURRENT_PROJECT_VERSION = 1;
				DEVELOPMENT_TEAM = 3F333X99RN;
				ENABLE_PREVIEWS = YES;
				GENERATE_INFOPLIST_FILE = YES;
				INFOPLIST_KEY_UIApplicationSceneManifest_Generation = YES;
				INFOPLIST_KEY_UIApplicationSupportsIndirectInputEvents = YES;
				INFOPLIST_KEY_UILaunchScreen_Generation = YES;
				INFOPLIST_KEY_UISupportedInterfaceOrientations_iPad = "UIInterfaceOrientationPortrait UIInterfaceOrientationPortraitUpsideDown UIInterfaceOrientationLandscapeLeft UIInterfaceOrientationLandscapeRight";
				INFOPLIST_KEY_UISupportedInterfaceOrientations_iPhone = "UIInterfaceOrientationPortrait UIInterfaceOrientationLandscapeLeft UIInterfaceOrientationLandscapeRight";
				IPHONEOS_DEPLOYMENT_TARGET = 15.5;
				LD_RUNPATH_SEARCH_PATHS = (
					"$(inherited)",
					"@executable_path/Frameworks",
				);
				MARKETING_VERSION = 1.0;
				PRODUCT_BUNDLE_IDENTIFIER = "myteam.kashi-kashi";
				PRODUCT_NAME = kashi_kashi;
				SDKROOT = iphoneos;
				SWIFT_EMIT_LOC_STRINGS = YES;
				SWIFT_VERSION = 5.0;
				TARGETED_DEVICE_FAMILY = "1,2";
				VALIDATE_PRODUCT = YES;
			};
			name = Release;
		};
		5235877B28ADE65B004E11B9 /* Debug */ = {
			isa = XCBuildConfiguration;
			buildSettings = {
				ASSETCATALOG_COMPILER_APPICON_NAME = AppIcon;
				ASSETCATALOG_COMPILER_GLOBAL_ACCENT_COLOR_NAME = AccentColor;
				CODE_SIGN_ENTITLEMENTS = macOS/macOS.entitlements;
				CODE_SIGN_STYLE = Automatic;
				COMBINE_HIDPI_IMAGES = YES;
				CURRENT_PROJECT_VERSION = 1;
				DEVELOPMENT_TEAM = 3F333X99RN;
				ENABLE_HARDENED_RUNTIME = YES;
				ENABLE_PREVIEWS = YES;
				GENERATE_INFOPLIST_FILE = YES;
				INFOPLIST_KEY_NSHumanReadableCopyright = "";
				LD_RUNPATH_SEARCH_PATHS = (
					"$(inherited)",
					"@executable_path/../Frameworks",
				);
				MACOSX_DEPLOYMENT_TARGET = 12.3;
				MARKETING_VERSION = 1.0;
				PRODUCT_BUNDLE_IDENTIFIER = "myteam.kashi-kashi";
				PRODUCT_NAME = kashi_kashi;
				SDKROOT = macosx;
				SWIFT_EMIT_LOC_STRINGS = YES;
				SWIFT_VERSION = 5.0;
			};
			name = Debug;
		};
		5235877C28ADE65B004E11B9 /* Release */ = {
			isa = XCBuildConfiguration;
			buildSettings = {
				ASSETCATALOG_COMPILER_APPICON_NAME = AppIcon;
				ASSETCATALOG_COMPILER_GLOBAL_ACCENT_COLOR_NAME = AccentColor;
				CODE_SIGN_ENTITLEMENTS = macOS/macOS.entitlements;
				CODE_SIGN_STYLE = Automatic;
				COMBINE_HIDPI_IMAGES = YES;
				CURRENT_PROJECT_VERSION = 1;
				DEVELOPMENT_TEAM = 3F333X99RN;
				ENABLE_HARDENED_RUNTIME = YES;
				ENABLE_PREVIEWS = YES;
				GENERATE_INFOPLIST_FILE = YES;
				INFOPLIST_KEY_NSHumanReadableCopyright = "";
				LD_RUNPATH_SEARCH_PATHS = (
					"$(inherited)",
					"@executable_path/../Frameworks",
				);
				MACOSX_DEPLOYMENT_TARGET = 12.3;
				MARKETING_VERSION = 1.0;
				PRODUCT_BUNDLE_IDENTIFIER = "myteam.kashi-kashi";
				PRODUCT_NAME = kashi_kashi;
				SDKROOT = macosx;
				SWIFT_EMIT_LOC_STRINGS = YES;
				SWIFT_VERSION = 5.0;
			};
			name = Release;
		};
		5235877E28ADE65B004E11B9 /* Debug */ = {
			isa = XCBuildConfiguration;
			buildSettings = {
				ALWAYS_EMBED_SWIFT_STANDARD_LIBRARIES = YES;
				CODE_SIGN_STYLE = Automatic;
				CURRENT_PROJECT_VERSION = 1;
				DEVELOPMENT_TEAM = 3F333X99RN;
				GENERATE_INFOPLIST_FILE = YES;
				IPHONEOS_DEPLOYMENT_TARGET = 15.5;
				MARKETING_VERSION = 1.0;
				PRODUCT_BUNDLE_IDENTIFIER = "myteam.Tests-iOS";
				PRODUCT_NAME = "$(TARGET_NAME)";
				SDKROOT = iphoneos;
				SWIFT_EMIT_LOC_STRINGS = NO;
				SWIFT_VERSION = 5.0;
				TARGETED_DEVICE_FAMILY = "1,2";
				TEST_TARGET_NAME = "kashi_kashi (iOS)";
			};
			name = Debug;
		};
		5235877F28ADE65B004E11B9 /* Release */ = {
			isa = XCBuildConfiguration;
			buildSettings = {
				ALWAYS_EMBED_SWIFT_STANDARD_LIBRARIES = YES;
				CODE_SIGN_STYLE = Automatic;
				CURRENT_PROJECT_VERSION = 1;
				DEVELOPMENT_TEAM = 3F333X99RN;
				GENERATE_INFOPLIST_FILE = YES;
				IPHONEOS_DEPLOYMENT_TARGET = 15.5;
				MARKETING_VERSION = 1.0;
				PRODUCT_BUNDLE_IDENTIFIER = "myteam.Tests-iOS";
				PRODUCT_NAME = "$(TARGET_NAME)";
				SDKROOT = iphoneos;
				SWIFT_EMIT_LOC_STRINGS = NO;
				SWIFT_VERSION = 5.0;
				TARGETED_DEVICE_FAMILY = "1,2";
				TEST_TARGET_NAME = "kashi_kashi (iOS)";
				VALIDATE_PRODUCT = YES;
			};
			name = Release;
		};
		5235878128ADE65B004E11B9 /* Debug */ = {
			isa = XCBuildConfiguration;
			buildSettings = {
				ALWAYS_EMBED_SWIFT_STANDARD_LIBRARIES = YES;
				CODE_SIGN_STYLE = Automatic;
				CURRENT_PROJECT_VERSION = 1;
				DEVELOPMENT_TEAM = 3F333X99RN;
				GENERATE_INFOPLIST_FILE = YES;
				MACOSX_DEPLOYMENT_TARGET = 12.3;
				MARKETING_VERSION = 1.0;
				PRODUCT_BUNDLE_IDENTIFIER = "myteam.Tests-macOS";
				PRODUCT_NAME = "$(TARGET_NAME)";
				SDKROOT = macosx;
				SWIFT_EMIT_LOC_STRINGS = NO;
				SWIFT_VERSION = 5.0;
				TEST_TARGET_NAME = "kashi_kashi (macOS)";
			};
			name = Debug;
		};
		5235878228ADE65B004E11B9 /* Release */ = {
			isa = XCBuildConfiguration;
			buildSettings = {
				ALWAYS_EMBED_SWIFT_STANDARD_LIBRARIES = YES;
				CODE_SIGN_STYLE = Automatic;
				CURRENT_PROJECT_VERSION = 1;
				DEVELOPMENT_TEAM = 3F333X99RN;
				GENERATE_INFOPLIST_FILE = YES;
				MACOSX_DEPLOYMENT_TARGET = 12.3;
				MARKETING_VERSION = 1.0;
				PRODUCT_BUNDLE_IDENTIFIER = "myteam.Tests-macOS";
				PRODUCT_NAME = "$(TARGET_NAME)";
				SDKROOT = macosx;
				SWIFT_EMIT_LOC_STRINGS = NO;
				SWIFT_VERSION = 5.0;
				TEST_TARGET_NAME = "kashi_kashi (macOS)";
			};
			name = Release;
		};
/* End XCBuildConfiguration section */

/* Begin XCConfigurationList section */
		5235874528ADE657004E11B9 /* Build configuration list for PBXProject "kashi_kashi" */ = {
			isa = XCConfigurationList;
			buildConfigurations = (
				5235877528ADE65B004E11B9 /* Debug */,
				5235877628ADE65B004E11B9 /* Release */,
			);
			defaultConfigurationIsVisible = 0;
			defaultConfigurationName = Release;
		};
		5235877728ADE65B004E11B9 /* Build configuration list for PBXNativeTarget "kashi_kashi (iOS)" */ = {
			isa = XCConfigurationList;
			buildConfigurations = (
				5235877828ADE65B004E11B9 /* Debug */,
				5235877928ADE65B004E11B9 /* Release */,
			);
			defaultConfigurationIsVisible = 0;
			defaultConfigurationName = Release;
		};
		5235877A28ADE65B004E11B9 /* Build configuration list for PBXNativeTarget "kashi_kashi (macOS)" */ = {
			isa = XCConfigurationList;
			buildConfigurations = (
				5235877B28ADE65B004E11B9 /* Debug */,
				5235877C28ADE65B004E11B9 /* Release */,
			);
			defaultConfigurationIsVisible = 0;
			defaultConfigurationName = Release;
		};
		5235877D28ADE65B004E11B9 /* Build configuration list for PBXNativeTarget "Tests iOS" */ = {
			isa = XCConfigurationList;
			buildConfigurations = (
				5235877E28ADE65B004E11B9 /* Debug */,
				5235877F28ADE65B004E11B9 /* Release */,
			);
			defaultConfigurationIsVisible = 0;
			defaultConfigurationName = Release;
		};
		5235878028ADE65B004E11B9 /* Build configuration list for PBXNativeTarget "Tests macOS" */ = {
			isa = XCConfigurationList;
			buildConfigurations = (
				5235878128ADE65B004E11B9 /* Debug */,
				5235878228ADE65B004E11B9 /* Release */,
			);
			defaultConfigurationIsVisible = 0;
			defaultConfigurationName = Release;
		};
/* End XCConfigurationList section */
	};
	rootObject = 5235874228ADE657004E11B9 /* Project object */;
}
